
Microsoft Visual Studio Solution File, Format Version 12.00
# Visual Studio Version 17
VisualStudioVersion = 17.13.35825.156 d17.13
MinimumVisualStudioVersion = 10.0.40219.1
Project("{FAE04EC0-301F-11D3-BF4B-00C04F79EFBC}") = "MasterCrud", "MasterCrud\MasterCrud.csproj", "{2DEC5C2B-0FAB-488A-BC5D-AEB011C849FE}"
EndProject
Global
	GlobalSection(SolutionConfigurationPlatforms) = preSolution
		Debug|Any CPU = Debug|Any CPU
		Release|Any CPU = Release|Any CPU
	EndGlobalSection
	GlobalSection(ProjectConfigurationPlatforms) = postSolution
		{2DEC5C2B-0FAB-488A-BC5D-AEB011C849FE}.Debug|Any CPU.ActiveCfg = Debug|Any CPU
		{2DEC5C2B-0FAB-488A-BC5D-AEB011C849FE}.Debug|Any CPU.Build.0 = Debug|Any CPU
		{2DEC5C2B-0FAB-488A-BC5D-AEB011C849FE}.Release|Any CPU.ActiveCfg = Release|Any CPU
		{2DEC5C2B-0FAB-488A-BC5D-AEB011C849FE}.Release|Any CPU.Build.0 = Release|Any CPU
	EndGlobalSection
	GlobalSection(SolutionProperties) = preSolution
		HideSolutionNode = FALSE
	EndGlobalSection
	GlobalSection(ExtensibilityGlobals) = postSolution
		SolutionGuid = {21A9847F-DBDF-4EAE-97F5-452800EA6C6A}
	EndGlobalSection
EndGlobal
